{
  "version": "2",
  "remote": {
    "https://deno.land/x/lambda@1.32.5/mod.ts": "315b66c882a4b502bcd2ccdbfdf72892cb657378f6af0c78f8460c94946f7d5c",
    "https://deno.land/x/lambda@1.32.5/types.d.ts": "e8b529b237d0a0b8140a5acebbe4e62fbc0540c6303c6f5e7154c5996a1745d4"
  },
  "npm": {
    "specifiers": {
      "date-fns@2.30": "date-fns@2.30.0"
    },
    "packages": {
      "@babel/runtime@7.22.5": {
        "integrity": "sha512-ecjvYlnAaZ/KVneE/OdKYBYfgXV3Ptu6zQWmgEF7vwKhQnvVS6bjMD2XYgj+SNvQ1GfK/pjgokfPkC/2CO8CuA==",
        "dependencies": {
          "regenerator-runtime": "regenerator-runtime@0.13.11"
        }
      },
      "date-fns@2.30.0": {
        "integrity": "sha512-fnULvOpxnC5/Vg3NCiWelDsLiUc9bRwAPs/+LfTLNvetFCtCTN+yQz15C/fs4AwX1R9K5GLtLfn8QW+dWisaAw==",
        "dependencies": {
          "@babel/runtime": "@babel/runtime@7.22.5"
        }
      },
      "regenerator-runtime@0.13.11": {
        "integrity": "sha512-kY1AZVr2Ra+t+piVaJ4gxaFaReZVH40AKNo7UCX6W+dEwBo/2oZJzqfuN1qLq1oL45o56cPaTXELwrTh8Fpggg==",
        "dependencies": {}
      }
    }
  }
}
